
Microsoft Visual Studio Solution File, Format Version 12.00
# Visual Studio 14
VisualStudioVersion = 14.0.25420.1
MinimumVisualStudioVersion = 10.0.40219.1
Project("{FAE04EC0-301F-11D3-BF4B-00C04F79EFBC}") = "teht01", "teht01\teht01.csproj", "{407E7BB0-F1A1-4881-A395-4DE77EFBE7FD}"
EndProject
Project("{FAE04EC0-301F-11D3-BF4B-00C04F79EFBC}") = "teht02", "teht02\teht02.csproj", "{CD2EC351-A912-459A-94F6-80597EFDBB83}"
EndProject
Global
	GlobalSection(SolutionConfigurationPlatforms) = preSolution
		Debug|Any CPU = Debug|Any CPU
		Release|Any CPU = Release|Any CPU
	EndGlobalSection
	GlobalSection(ProjectConfigurationPlatforms) = postSolution
		{407E7BB0-F1A1-4881-A395-4DE77EFBE7FD}.Debug|Any CPU.ActiveCfg = Debug|Any CPU
		{407E7BB0-F1A1-4881-A395-4DE77EFBE7FD}.Debug|Any CPU.Build.0 = Debug|Any CPU
		{407E7BB0-F1A1-4881-A395-4DE77EFBE7FD}.Release|Any CPU.ActiveCfg = Release|Any CPU
		{407E7BB0-F1A1-4881-A395-4DE77EFBE7FD}.Release|Any CPU.Build.0 = Release|Any CPU
		{CD2EC351-A912-459A-94F6-80597EFDBB83}.Debug|Any CPU.ActiveCfg = Debug|Any CPU
		{CD2EC351-A912-459A-94F6-80597EFDBB83}.Debug|Any CPU.Build.0 = Debug|Any CPU
		{CD2EC351-A912-459A-94F6-80597EFDBB83}.Release|Any CPU.ActiveCfg = Release|Any CPU
		{CD2EC351-A912-459A-94F6-80597EFDBB83}.Release|Any CPU.Build.0 = Release|Any CPU
	EndGlobalSection
	GlobalSection(SolutionProperties) = preSolution
		HideSolutionNode = FALSE
	EndGlobalSection
EndGlobal
